Microsoft Visual Studio Solution File, Format Version 12.00
# Visual Studio Version 17
VisualStudioVersion = 17.5.2.0
MinimumVisualStudioVersion = 10.0.40219.1
Project("{FAE04EC0-301F-11D3-BF4B-00C04F79EFBC}") = "ConsumerAdviceApi", "ConsumerAdviceApi\ConsumerAdviceApi.csproj", "{9046B37F-B3E2-C0C3-4C0B-3BCA38790B9F}"
EndProject
Global
	GlobalSection(SolutionConfigurationPlatforms) = preSolution
		Debug|Any CPU = Debug|Any CPU
		Release|Any CPU = Release|Any CPU
	EndGlobalSection
	GlobalSection(ProjectConfigurationPlatforms) = postSolution
		{9046B37F-B3E2-C0C3-4C0B-3BCA38790B9F}.Debug|Any CPU.ActiveCfg = Debug|Any CPU
		{9046B37F-B3E2-C0C3-4C0B-3BCA38790B9F}.Debug|Any CPU.Build.0 = Debug|Any CPU
		{9046B37F-B3E2-C0C3-4C0B-3BCA38790B9F}.Release|Any CPU.ActiveCfg = Release|Any CPU
		{9046B37F-B3E2-C0C3-4C0B-3BCA38790B9F}.Release|Any CPU.Build.0 = Release|Any CPU
	EndGlobalSection
	GlobalSection(SolutionProperties) = preSolution
		HideSolutionNode = FALSE
	EndGlobalSection
	GlobalSection(ExtensibilityGlobals) = postSolution
		SolutionGuid = {C1F4E9BA-DF38-4F95-AE11-00E814FD48DF}
	EndGlobalSection
EndGlobal
